
Microsoft Visual Studio Solution File, Format Version 12.00
# Visual Studio Version 17
VisualStudioVersion = 17.9.34728.123
MinimumVisualStudioVersion = 10.0.40219.1
Project("{9A19103F-16F7-4668-BE54-9A1E7A4F7556}") = "Task_3", "Task_3\Task_3.csproj", "{BD9D51EA-6503-429E-AF00-AC322474A1EB}"
EndProject
Project("{9A19103F-16F7-4668-BE54-9A1E7A4F7556}") = "Task_1", "Task_1\Task_1.csproj", "{2657A203-86B5-4D60-974C-7F39C2B0113E}"
EndProject
Project("{9A19103F-16F7-4668-BE54-9A1E7A4F7556}") = "Task_2", "Task_2\Task_2.csproj", "{F76A34EC-5635-4E2C-AA22-B4A634A373D5}"
EndProject
Project("{9A19103F-16F7-4668-BE54-9A1E7A4F7556}") = "Task_4", "Task_4\Task_4.csproj", "{4A07DD0D-8CC5-4437-AAF3-632E2DB7F1DA}"
EndProject
Project("{9A19103F-16F7-4668-BE54-9A1E7A4F7556}") = "Task_5", "Task_5\Task_5.csproj", "{B7590F9A-513C-48BD-BD4C-478F164D2B1D}"
EndProject
Project("{9A19103F-16F7-4668-BE54-9A1E7A4F7556}") = "Task_6", "Task_6\Task_6.csproj", "{199BDD26-A507-4F92-9BAF-38506F71767F}"
EndProject
Project("{9A19103F-16F7-4668-BE54-9A1E7A4F7556}") = "Task_7", "Task_7\Task_7.csproj", "{97BF8471-583F-4F4B-A045-CE34A59D4A3E}"
EndProject
Project("{9A19103F-16F7-4668-BE54-9A1E7A4F7556}") = "Task_8", "Task_8\Task_8.csproj", "{A12152DE-B09F-4185-8D2E-D53E0E3E04E7}"
EndProject
Project("{FAE04EC0-301F-11D3-BF4B-00C04F79EFBC}") = "Task_9", "Task_9\Task_9.csproj", "{DB6D5A1F-ED2C-428B-8E76-2077C082F8F7}"
EndProject
Global
	GlobalSection(SolutionConfigurationPlatforms) = preSolution
		Debug|Any CPU = Debug|Any CPU
		Release|Any CPU = Release|Any CPU
	EndGlobalSection
	GlobalSection(ProjectConfigurationPlatforms) = postSolution
		{BD9D51EA-6503-429E-AF00-AC322474A1EB}.Debug|Any CPU.ActiveCfg = Debug|Any CPU
		{BD9D51EA-6503-429E-AF00-AC322474A1EB}.Debug|Any CPU.Build.0 = Debug|Any CPU
		{BD9D51EA-6503-429E-AF00-AC322474A1EB}.Release|Any CPU.ActiveCfg = Release|Any CPU
		{BD9D51EA-6503-429E-AF00-AC322474A1EB}.Release|Any CPU.Build.0 = Release|Any CPU
		{2657A203-86B5-4D60-974C-7F39C2B0113E}.Debug|Any CPU.ActiveCfg = Debug|Any CPU
		{2657A203-86B5-4D60-974C-7F39C2B0113E}.Debug|Any CPU.Build.0 = Debug|Any CPU
		{2657A203-86B5-4D60-974C-7F39C2B0113E}.Release|Any CPU.ActiveCfg = Release|Any CPU
		{2657A203-86B5-4D60-974C-7F39C2B0113E}.Release|Any CPU.Build.0 = Release|Any CPU
		{F76A34EC-5635-4E2C-AA22-B4A634A373D5}.Debug|Any CPU.ActiveCfg = Debug|Any CPU
		{F76A34EC-5635-4E2C-AA22-B4A634A373D5}.Debug|Any CPU.Build.0 = Debug|Any CPU
		{F76A34EC-5635-4E2C-AA22-B4A634A373D5}.Release|Any CPU.ActiveCfg = Release|Any CPU
		{F76A34EC-5635-4E2C-AA22-B4A634A373D5}.Release|Any CPU.Build.0 = Release|Any CPU
		{4A07DD0D-8CC5-4437-AAF3-632E2DB7F1DA}.Debug|Any CPU.ActiveCfg = Debug|Any CPU
		{4A07DD0D-8CC5-4437-AAF3-632E2DB7F1DA}.Debug|Any CPU.Build.0 = Debug|Any CPU
		{4A07DD0D-8CC5-4437-AAF3-632E2DB7F1DA}.Release|Any CPU.ActiveCfg = Release|Any CPU
		{4A07DD0D-8CC5-4437-AAF3-632E2DB7F1DA}.Release|Any CPU.Build.0 = Release|Any CPU
		{B7590F9A-513C-48BD-BD4C-478F164D2B1D}.Debug|Any CPU.ActiveCfg = Debug|Any CPU
		{B7590F9A-513C-48BD-BD4C-478F164D2B1D}.Debug|Any CPU.Build.0 = Debug|Any CPU
		{B7590F9A-513C-48BD-BD4C-478F164D2B1D}.Release|Any CPU.ActiveCfg = Release|Any CPU
		{B7590F9A-513C-48BD-BD4C-478F164D2B1D}.Release|Any CPU.Build.0 = Release|Any CPU
		{199BDD26-A507-4F92-9BAF-38506F71767F}.Debug|Any CPU.ActiveCfg = Debug|Any CPU
		{199BDD26-A507-4F92-9BAF-38506F71767F}.Debug|Any CPU.Build.0 = Debug|Any CPU
		{199BDD26-A507-4F92-9BAF-38506F71767F}.Release|Any CPU.ActiveCfg = Release|Any CPU
		{199BDD26-A507-4F92-9BAF-38506F71767F}.Release|Any CPU.Build.0 = Release|Any CPU
		{97BF8471-583F-4F4B-A045-CE34A59D4A3E}.Debug|Any CPU.ActiveCfg = Debug|Any CPU
		{97BF8471-583F-4F4B-A045-CE34A59D4A3E}.Debug|Any CPU.Build.0 = Debug|Any CPU
		{97BF8471-583F-4F4B-A045-CE34A59D4A3E}.Release|Any CPU.ActiveCfg = Release|Any CPU
		{97BF8471-583F-4F4B-A045-CE34A59D4A3E}.Release|Any CPU.Build.0 = Release|Any CPU
		{A12152DE-B09F-4185-8D2E-D53E0E3E04E7}.Debug|Any CPU.ActiveCfg = Debug|Any CPU
		{A12152DE-B09F-4185-8D2E-D53E0E3E04E7}.Debug|Any CPU.Build.0 = Debug|Any CPU
		{A12152DE-B09F-4185-8D2E-D53E0E3E04E7}.Release|Any CPU.ActiveCfg = Release|Any CPU
		{A12152DE-B09F-4185-8D2E-D53E0E3E04E7}.Release|Any CPU.Build.0 = Release|Any CPU
		{DB6D5A1F-ED2C-428B-8E76-2077C082F8F7}.Debug|Any CPU.ActiveCfg = Debug|Any CPU
		{DB6D5A1F-ED2C-428B-8E76-2077C082F8F7}.Debug|Any CPU.Build.0 = Debug|Any CPU
		{DB6D5A1F-ED2C-428B-8E76-2077C082F8F7}.Release|Any CPU.ActiveCfg = Release|Any CPU
		{DB6D5A1F-ED2C-428B-8E76-2077C082F8F7}.Release|Any CPU.Build.0 = Release|Any CPU
	EndGlobalSection
	GlobalSection(SolutionProperties) = preSolution
		HideSolutionNode = FALSE
	EndGlobalSection
	GlobalSection(ExtensibilityGlobals) = postSolution
		SolutionGuid = {FED35530-3C9C-41B8-9BEA-BAE75107097E}
	EndGlobalSection
EndGlobal
