
Microsoft Visual Studio Solution File, Format Version 12.00
# Visual Studio Version 17
VisualStudioVersion = 17.9.34728.123
MinimumVisualStudioVersion = 10.0.40219.1
Project("{9A19103F-16F7-4668-BE54-9A1E7A4F7556}") = "Task_3", "Task_3\Task_3.csproj", "{BD9D51EA-6503-429E-AF00-AC322474A1EB}"
EndProject
Project("{9A19103F-16F7-4668-BE54-9A1E7A4F7556}") = "Task_1", "Task_1\Task_1.csproj", "{2657A203-86B5-4D60-974C-7F39C2B0113E}"
EndProject
Project("{9A19103F-16F7-4668-BE54-9A1E7A4F7556}") = "Task_2", "Task_2\Task_2.csproj", "{F76A34EC-5635-4E2C-AA22-B4A634A373D5}"
EndProject
Global
	GlobalSection(SolutionConfigurationPlatforms) = preSolution
		Debug|Any CPU = Debug|Any CPU
		Release|Any CPU = Release|Any CPU
	EndGlobalSection
	GlobalSection(ProjectConfigurationPlatforms) = postSolution
		{BD9D51EA-6503-429E-AF00-AC322474A1EB}.Debug|Any CPU.ActiveCfg = Debug|Any CPU
		{BD9D51EA-6503-429E-AF00-AC322474A1EB}.Debug|Any CPU.Build.0 = Debug|Any CPU
		{BD9D51EA-6503-429E-AF00-AC322474A1EB}.Release|Any CPU.ActiveCfg = Release|Any CPU
		{BD9D51EA-6503-429E-AF00-AC322474A1EB}.Release|Any CPU.Build.0 = Release|Any CPU
		{2657A203-86B5-4D60-974C-7F39C2B0113E}.Debug|Any CPU.ActiveCfg = Debug|Any CPU
		{2657A203-86B5-4D60-974C-7F39C2B0113E}.Debug|Any CPU.Build.0 = Debug|Any CPU
		{2657A203-86B5-4D60-974C-7F39C2B0113E}.Release|Any CPU.ActiveCfg = Release|Any CPU
		{2657A203-86B5-4D60-974C-7F39C2B0113E}.Release|Any CPU.Build.0 = Release|Any CPU
		{F76A34EC-5635-4E2C-AA22-B4A634A373D5}.Debug|Any CPU.ActiveCfg = Debug|Any CPU
		{F76A34EC-5635-4E2C-AA22-B4A634A373D5}.Debug|Any CPU.Build.0 = Debug|Any CPU
		{F76A34EC-5635-4E2C-AA22-B4A634A373D5}.Release|Any CPU.ActiveCfg = Release|Any CPU
		{F76A34EC-5635-4E2C-AA22-B4A634A373D5}.Release|Any CPU.Build.0 = Release|Any CPU
	EndGlobalSection
	GlobalSection(SolutionProperties) = preSolution
		HideSolutionNode = FALSE
	EndGlobalSection
	GlobalSection(ExtensibilityGlobals) = postSolution
		SolutionGuid = {FED35530-3C9C-41B8-9BEA-BAE75107097E}
	EndGlobalSection
EndGlobal
